
Microsoft Visual Studio Solution File, Format Version 12.00
# Visual Studio Version 16
VisualStudioVersion = 16.0.31112.23
MinimumVisualStudioVersion = 10.0.40219.1
Project("{FAE04EC0-301F-11D3-BF4B-00C04F79EFBC}") = "mvc-tutorial-1", "mvc-tutorial-1\mvc-tutorial-1.csproj", "{F5E27431-D8C7-42A5-9C7E-6786ACB190C1}"
EndProject
Global
	GlobalSection(SolutionConfigurationPlatforms) = preSolution
		Debug|Any CPU = Debug|Any CPU
		Release|Any CPU = Release|Any CPU
	EndGlobalSection
	GlobalSection(ProjectConfigurationPlatforms) = postSolution
		{F5E27431-D8C7-42A5-9C7E-6786ACB190C1}.Debug|Any CPU.ActiveCfg = Debug|Any CPU
		{F5E27431-D8C7-42A5-9C7E-6786ACB190C1}.Debug|Any CPU.Build.0 = Debug|Any CPU
		{F5E27431-D8C7-42A5-9C7E-6786ACB190C1}.Release|Any CPU.ActiveCfg = Release|Any CPU
		{F5E27431-D8C7-42A5-9C7E-6786ACB190C1}.Release|Any CPU.Build.0 = Release|Any CPU
	EndGlobalSection
	GlobalSection(SolutionProperties) = preSolution
		HideSolutionNode = FALSE
	EndGlobalSection
	GlobalSection(ExtensibilityGlobals) = postSolution
		SolutionGuid = {29ED8AE3-D727-4953-8BE9-B79D6F5B6B31}
	EndGlobalSection
EndGlobal
